<?xml version="1.0" encoding="utf-8"?>
<Project ToolsVersion="4.0" xmlns="http://schemas.microsoft.com/developer/msbuild/2003">
  <ItemGroup>
    <Filter Include="Source Files">
      <UniqueIdentifier>{4FC737F1-C7A5-4376-A066-2A32D752A2FF}</UniqueIdentifier>
      <Extensions>cpp;c;cc;cxx;def;odl;idl;hpj;bat;asm;asmx</Extensions>
    </Filter>
    <Filter Include="Header Files">
      <UniqueIdentifier>{93995380-89BD-4b04-88EB-625FBE52EBFB}</UniqueIdentifier>
      <Extensions>h;hpp;hxx;hm;inl;inc;xsd</Extensions>
    </Filter>
    <Filter Include="Resource Files">
      <UniqueIdentifier>{67DA6AB6-F800-4c08-8B7A-83BB121AAD01}</UniqueIdentifier>
      <Extensions>rc;ico;cur;bmp;dlg;rc2;rct;bin;rgs;gif;jpg;jpeg;jpe;resx;tiff;tif;png;wav;mfcribbon-ms</Extensions>
    </Filter>
  </ItemGroup>
  <ItemGroup>
    <ClCompile Include="arg.c">
      <Filter>Source Files</Filter>
    </ClCompile>
    <ClCompile Include="dparse_tree.c">
      <Filter>Source Files</Filter>
    </ClCompile>
    <ClCompile Include="driver_parsetree.c">
      <Filter>Source Files</Filter>
    </ClCompile>
    <ClCompile Include="gram.c">
      <Filter>Source Files</Filter>
    </ClCompile>
    <ClCompile Include="lex.c">
      <Filter>Source Files</Filter>
    </ClCompile>
    <ClCompile Include="lr.c">
      <Filter>Source Files</Filter>
    </ClCompile>
    <ClCompile Include="make_dparser.c">
      <Filter>Source Files</Filter>
    </ClCompile>
    <ClCompile Include="mkdparse.c">
      <Filter>Source Files</Filter>
    </ClCompile>
    <ClCompile Include="my.c">
      <Filter>Source Files</Filter>
    </ClCompile>
    <ClCompile Include="parse.c">
      <Filter>Source Files</Filter>
    </ClCompile>
    <ClCompile Include="read_binary.c">
      <Filter>Source Files</Filter>
    </ClCompile>
    <ClCompile Include="sample_parser.c">
      <Filter>Source Files</Filter>
    </ClCompile>
    <ClCompile Include="scan.c">
      <Filter>Source Files</Filter>
    </ClCompile>
    <ClCompile Include="symtab.c">
      <Filter>Source Files</Filter>
    </ClCompile>
    <ClCompile Include="test_parser.c">
      <Filter>Source Files</Filter>
    </ClCompile>
    <ClCompile Include="util.c">
      <Filter>Source Files</Filter>
    </ClCompile>
    <ClCompile Include="version.c">
      <Filter>Source Files</Filter>
    </ClCompile>
    <ClCompile Include="write_tables.c">
      <Filter>Source Files</Filter>
    </ClCompile>
    <ClCompile Include="grammar.g.c">
      <Filter>Source Files</Filter>
    </ClCompile>
  </ItemGroup>
  <ItemGroup>
    <ClInclude Include="arg.h">
      <Filter>Source Files</Filter>
    </ClInclude>
    <ClInclude Include="d.h">
      <Filter>Source Files</Filter>
    </ClInclude>
    <ClInclude Include="dparse.h">
      <Filter>Source Files</Filter>
    </ClInclude>
    <ClInclude Include="dparse_tables.h">
      <Filter>Source Files</Filter>
    </ClInclude>
    <ClInclude Include="dparse_tree.h">
      <Filter>Source Files</Filter>
    </ClInclude>
    <ClInclude Include="dsymtab.h">
      <Filter>Source Files</Filter>
    </ClInclude>
    <ClInclude Include="gram.h">
      <Filter>Source Files</Filter>
    </ClInclude>
    <ClInclude Include="gramgram.h">
      <Filter>Source Files</Filter>
    </ClInclude>
    <ClInclude Include="lex.h">
      <Filter>Source Files</Filter>
    </ClInclude>
    <ClInclude Include="lr.h">
      <Filter>Source Files</Filter>
    </ClInclude>
    <ClInclude Include="mkdparse.h">
      <Filter>Source Files</Filter>
    </ClInclude>
    <ClInclude Include="parse.h">
      <Filter>Source Files</Filter>
    </ClInclude>
    <ClInclude Include="read_binary.h">
      <Filter>Source Files</Filter>
    </ClInclude>
    <ClInclude Include="scan.h">
      <Filter>Source Files</Filter>
    </ClInclude>
    <ClInclude Include="util.h">
      <Filter>Source Files</Filter>
    </ClInclude>
    <ClInclude Include="write_tables.h">
      <Filter>Source Files</Filter>
    </ClInclude>
  </ItemGroup>
</Project>