<?xml version="1.0" encoding="utf-8"?>
<Project ToolsVersion="4.0" xmlns="http://schemas.microsoft.com/developer/msbuild/2003">
  <ItemGroup>
    <Filter Include="Source Files">
      <UniqueIdentifier>{4FC737F1-C7A5-4376-A066-2A32D752A2FF}</UniqueIdentifier>
      <Extensions>cpp;c;cc;cxx;def;odl;idl;hpj;bat;asm;asmx</Extensions>
    </Filter>
    <Filter Include="Header Files">
      <UniqueIdentifier>{93995380-89BD-4b04-88EB-625FBE52EBFB}</UniqueIdentifier>
      <Extensions>h;hh;hpp;hxx;hm;inl;inc;xsd</Extensions>
    </Filter>
    <Filter Include="Resource Files">
      <UniqueIdentifier>{67DA6AB6-F800-4c08-8B7A-83BB121AAD01}</UniqueIdentifier>
      <Extensions>rc;ico;cur;bmp;dlg;rc2;rct;bin;rgs;gif;jpg;jpeg;jpe;resx;tiff;tif;png;wav;mfcribbon-ms</Extensions>
    </Filter>
    <Filter Include="lua">
      <UniqueIdentifier>{1764145f-6fcd-408e-bdb8-93921edbf856}</UniqueIdentifier>
    </Filter>
    <Filter Include="dparser">
      <UniqueIdentifier>{6e510ad8-6016-4aa2-ad76-c0cb5a244628}</UniqueIdentifier>
    </Filter>
  </ItemGroup>
  <ItemGroup>
    <ClCompile Include="lua\lapi.c">
      <Filter>lua</Filter>
    </ClCompile>
    <ClCompile Include="lua\lauxlib.c">
      <Filter>lua</Filter>
    </ClCompile>
    <ClCompile Include="lua\lbaselib.c">
      <Filter>lua</Filter>
    </ClCompile>
    <ClCompile Include="lua\lbitlib.c">
      <Filter>lua</Filter>
    </ClCompile>
    <ClCompile Include="lua\lcode.c">
      <Filter>lua</Filter>
    </ClCompile>
    <ClCompile Include="lua\lcorolib.c">
      <Filter>lua</Filter>
    </ClCompile>
    <ClCompile Include="lua\lctype.c">
      <Filter>lua</Filter>
    </ClCompile>
    <ClCompile Include="lua\ldblib.c">
      <Filter>lua</Filter>
    </ClCompile>
    <ClCompile Include="lua\ldebug.c">
      <Filter>lua</Filter>
    </ClCompile>
    <ClCompile Include="lua\ldo.c">
      <Filter>lua</Filter>
    </ClCompile>
    <ClCompile Include="lua\ldump.c">
      <Filter>lua</Filter>
    </ClCompile>
    <ClCompile Include="lua\lfunc.c">
      <Filter>lua</Filter>
    </ClCompile>
    <ClCompile Include="lua\lgc.c">
      <Filter>lua</Filter>
    </ClCompile>
    <ClCompile Include="lua\linit.c">
      <Filter>lua</Filter>
    </ClCompile>
    <ClCompile Include="lua\liolib.c">
      <Filter>lua</Filter>
    </ClCompile>
    <ClCompile Include="lua\llex.c">
      <Filter>lua</Filter>
    </ClCompile>
    <ClCompile Include="lua\lmathlib.c">
      <Filter>lua</Filter>
    </ClCompile>
    <ClCompile Include="lua\lmem.c">
      <Filter>lua</Filter>
    </ClCompile>
    <ClCompile Include="lua\loadlib.c">
      <Filter>lua</Filter>
    </ClCompile>
    <ClCompile Include="lua\lobject.c">
      <Filter>lua</Filter>
    </ClCompile>
    <ClCompile Include="lua\lopcodes.c">
      <Filter>lua</Filter>
    </ClCompile>
    <ClCompile Include="lua\loslib.c">
      <Filter>lua</Filter>
    </ClCompile>
    <ClCompile Include="lua\lparser.c">
      <Filter>lua</Filter>
    </ClCompile>
    <ClCompile Include="lua\lstate.c">
      <Filter>lua</Filter>
    </ClCompile>
    <ClCompile Include="lua\lstring.c">
      <Filter>lua</Filter>
    </ClCompile>
    <ClCompile Include="lua\lstrlib.c">
      <Filter>lua</Filter>
    </ClCompile>
    <ClCompile Include="lua\ltable.c">
      <Filter>lua</Filter>
    </ClCompile>
    <ClCompile Include="lua\ltablib.c">
      <Filter>lua</Filter>
    </ClCompile>
    <ClCompile Include="lua\ltm.c">
      <Filter>lua</Filter>
    </ClCompile>
    <ClCompile Include="lua\lundump.c">
      <Filter>lua</Filter>
    </ClCompile>
    <ClCompile Include="lua\lutf8lib.c">
      <Filter>lua</Filter>
    </ClCompile>
    <ClCompile Include="lua\lvm.c">
      <Filter>lua</Filter>
    </ClCompile>
    <ClCompile Include="lua\lzio.c">
      <Filter>lua</Filter>
    </ClCompile>
    <ClCompile Include="src\AST.cpp">
      <Filter>Source Files</Filter>
    </ClCompile>
    <ClCompile Include="src\ASTPrinter.cpp">
      <Filter>Source Files</Filter>
    </ClCompile>
    <ClCompile Include="src\ASTVisitor.cpp">
      <Filter>Source Files</Filter>
    </ClCompile>
    <ClCompile Include="src\BuiltinReductions.cpp">
      <Filter>Source Files</Filter>
    </ClCompile>
    <ClCompile Include="src\Driver.cpp">
      <Filter>Source Files</Filter>
    </ClCompile>
    <ClCompile Include="src\DynamicReductions.cpp">
      <Filter>Source Files</Filter>
    </ClCompile>
    <ClCompile Include="src\Exceptions.cpp">
      <Filter>Source Files</Filter>
    </ClCompile>
    <ClCompile Include="src\MatchVisitor.cpp">
      <Filter>Source Files</Filter>
    </ClCompile>
    <ClCompile Include="src\NodeLinker.cpp">
      <Filter>Source Files</Filter>
    </ClCompile>
    <ClCompile Include="src\PtablesReader.cpp">
      <Filter>Source Files</Filter>
    </ClCompile>
    <ClCompile Include="src\SemaChecker.cpp">
      <Filter>Source Files</Filter>
    </ClCompile>
    <ClCompile Include="src\Type.cpp">
      <Filter>Source Files</Filter>
    </ClCompile>
    <ClCompile Include="src\TypeParser.cpp">
      <Filter>Source Files</Filter>
    </ClCompile>
    <ClCompile Include="src\TypesetMerger.cpp">
      <Filter>Source Files</Filter>
    </ClCompile>
    <ClCompile Include="src\Visitor.cpp">
      <Filter>Source Files</Filter>
    </ClCompile>
    <ClCompile Include="src\AST2Code.cpp">
      <Filter>Source Files</Filter>
    </ClCompile>
    <ClCompile Include="src\LuaBacked.cpp">
      <Filter>Source Files</Filter>
    </ClCompile>
    <ClCompile Include="src\MatchReferences.cpp">
      <Filter>Source Files</Filter>
    </ClCompile>
    <ClCompile Include="src\Modules.cpp">
      <Filter>Source Files</Filter>
    </ClCompile>
    <ClCompile Include="dparser\arg.c">
      <Filter>dparser</Filter>
    </ClCompile>
    <ClCompile Include="dparser\gram.c">
      <Filter>dparser</Filter>
    </ClCompile>
    <ClCompile Include="dparser\grammar.g.c">
      <Filter>dparser</Filter>
    </ClCompile>
    <ClCompile Include="dparser\grammar.g.d_parser.c">
      <Filter>dparser</Filter>
    </ClCompile>
    <ClCompile Include="dparser\lex.c">
      <Filter>dparser</Filter>
    </ClCompile>
    <ClCompile Include="dparser\lr.c">
      <Filter>dparser</Filter>
    </ClCompile>
    <ClCompile Include="dparser\mkdparse.c">
      <Filter>dparser</Filter>
    </ClCompile>
    <ClCompile Include="dparser\parse.c">
      <Filter>dparser</Filter>
    </ClCompile>
    <ClCompile Include="dparser\read_binary.c">
      <Filter>dparser</Filter>
    </ClCompile>
    <ClCompile Include="dparser\scan.c">
      <Filter>dparser</Filter>
    </ClCompile>
    <ClCompile Include="dparser\symtab.c">
      <Filter>dparser</Filter>
    </ClCompile>
    <ClCompile Include="dparser\util.c">
      <Filter>dparser</Filter>
    </ClCompile>
    <ClCompile Include="dparser\version.c">
      <Filter>dparser</Filter>
    </ClCompile>
    <ClCompile Include="dparser\write_tables.c">
      <Filter>dparser</Filter>
    </ClCompile>
  </ItemGroup>
  <ItemGroup>
    <ClInclude Include="lua\lapi.h">
      <Filter>lua</Filter>
    </ClInclude>
    <ClInclude Include="lua\lauxlib.h">
      <Filter>lua</Filter>
    </ClInclude>
    <ClInclude Include="lua\lcode.h">
      <Filter>lua</Filter>
    </ClInclude>
    <ClInclude Include="lua\lctype.h">
      <Filter>lua</Filter>
    </ClInclude>
    <ClInclude Include="lua\ldebug.h">
      <Filter>lua</Filter>
    </ClInclude>
    <ClInclude Include="lua\ldo.h">
      <Filter>lua</Filter>
    </ClInclude>
    <ClInclude Include="lua\lfunc.h">
      <Filter>lua</Filter>
    </ClInclude>
    <ClInclude Include="lua\lgc.h">
      <Filter>lua</Filter>
    </ClInclude>
    <ClInclude Include="lua\llex.h">
      <Filter>lua</Filter>
    </ClInclude>
    <ClInclude Include="lua\llimits.h">
      <Filter>lua</Filter>
    </ClInclude>
    <ClInclude Include="lua\lmem.h">
      <Filter>lua</Filter>
    </ClInclude>
    <ClInclude Include="lua\lobject.h">
      <Filter>lua</Filter>
    </ClInclude>
    <ClInclude Include="lua\lopcodes.h">
      <Filter>lua</Filter>
    </ClInclude>
    <ClInclude Include="lua\lparser.h">
      <Filter>lua</Filter>
    </ClInclude>
    <ClInclude Include="lua\lprefix.h">
      <Filter>lua</Filter>
    </ClInclude>
    <ClInclude Include="lua\lstate.h">
      <Filter>lua</Filter>
    </ClInclude>
    <ClInclude Include="lua\lstring.h">
      <Filter>lua</Filter>
    </ClInclude>
    <ClInclude Include="lua\ltable.h">
      <Filter>lua</Filter>
    </ClInclude>
    <ClInclude Include="lua\ltm.h">
      <Filter>lua</Filter>
    </ClInclude>
    <ClInclude Include="lua\lua.h">
      <Filter>lua</Filter>
    </ClInclude>
    <ClInclude Include="lua\lua.hpp">
      <Filter>lua</Filter>
    </ClInclude>
    <ClInclude Include="lua\luaconf.h">
      <Filter>lua</Filter>
    </ClInclude>
    <ClInclude Include="lua\lualib.h">
      <Filter>lua</Filter>
    </ClInclude>
    <ClInclude Include="lua\lundump.h">
      <Filter>lua</Filter>
    </ClInclude>
    <ClInclude Include="lua\lvm.h">
      <Filter>lua</Filter>
    </ClInclude>
    <ClInclude Include="lua\lzio.h">
      <Filter>lua</Filter>
    </ClInclude>
    <ClInclude Include="lua\visitable.h">
      <Filter>lua</Filter>
    </ClInclude>
    <ClInclude Include="lua\visitor.h">
      <Filter>lua</Filter>
    </ClInclude>
    <ClInclude Include="src\AST.h">
      <Filter>Source Files</Filter>
    </ClInclude>
    <ClInclude Include="src\ASTFwd.h">
      <Filter>Source Files</Filter>
    </ClInclude>
    <ClInclude Include="src\ASTPrinter.h">
      <Filter>Source Files</Filter>
    </ClInclude>
    <ClInclude Include="src\ASTRtti.h">
      <Filter>Source Files</Filter>
    </ClInclude>
    <ClInclude Include="src\BasicParser.h">
      <Filter>Source Files</Filter>
    </ClInclude>
    <ClInclude Include="src\BuiltinReductions.h">
      <Filter>Source Files</Filter>
    </ClInclude>
    <ClInclude Include="src\DynamicReductions.h">
      <Filter>Source Files</Filter>
    </ClInclude>
    <ClInclude Include="src\Exceptions.h">
      <Filter>Source Files</Filter>
    </ClInclude>
    <ClInclude Include="src\Match.h">
      <Filter>Source Files</Filter>
    </ClInclude>
    <ClInclude Include="src\MatchVisitor.h">
      <Filter>Source Files</Filter>
    </ClInclude>
    <ClInclude Include="src\NodeLinker.h">
      <Filter>Source Files</Filter>
    </ClInclude>
    <ClInclude Include="src\PtablesReader.h">
      <Filter>Source Files</Filter>
    </ClInclude>
    <ClInclude Include="src\SemaChecker.h">
      <Filter>Source Files</Filter>
    </ClInclude>
    <ClInclude Include="src\SymbolTable.h">
      <Filter>Source Files</Filter>
    </ClInclude>
    <ClInclude Include="src\Type.h">
      <Filter>Source Files</Filter>
    </ClInclude>
    <ClInclude Include="src\TypeParser.h">
      <Filter>Source Files</Filter>
    </ClInclude>
    <ClInclude Include="src\TypeSetLE.h">
      <Filter>Source Files</Filter>
    </ClInclude>
    <ClInclude Include="src\TypesetMerger.h">
      <Filter>Source Files</Filter>
    </ClInclude>
    <ClInclude Include="src\Visitable.h">
      <Filter>Source Files</Filter>
    </ClInclude>
    <ClInclude Include="src\Visitor.h">
      <Filter>Source Files</Filter>
    </ClInclude>
    <ClInclude Include="src\AST2Code.h">
      <Filter>Source Files</Filter>
    </ClInclude>
    <ClInclude Include="src\VisitorTools.h">
      <Filter>Source Files</Filter>
    </ClInclude>
    <ClInclude Include="src\MatchReferences.h">
      <Filter>Source Files</Filter>
    </ClInclude>
    <ClInclude Include="src\Modules.h">
      <Filter>Source Files</Filter>
    </ClInclude>
    <ClInclude Include="dparser\arg.h">
      <Filter>dparser</Filter>
    </ClInclude>
    <ClInclude Include="dparser\d.h">
      <Filter>dparser</Filter>
    </ClInclude>
    <ClInclude Include="dparser\dparse.h">
      <Filter>dparser</Filter>
    </ClInclude>
    <ClInclude Include="dparser\dparse_tables.h">
      <Filter>dparser</Filter>
    </ClInclude>
    <ClInclude Include="dparser\dparse_tree.h">
      <Filter>dparser</Filter>
    </ClInclude>
    <ClInclude Include="dparser\dsymtab.h">
      <Filter>dparser</Filter>
    </ClInclude>
    <ClInclude Include="dparser\gram.h">
      <Filter>dparser</Filter>
    </ClInclude>
    <ClInclude Include="dparser\gramgram.h">
      <Filter>dparser</Filter>
    </ClInclude>
    <ClInclude Include="dparser\lex.h">
      <Filter>dparser</Filter>
    </ClInclude>
    <ClInclude Include="dparser\lr.h">
      <Filter>dparser</Filter>
    </ClInclude>
    <ClInclude Include="dparser\mkdparse.h">
      <Filter>dparser</Filter>
    </ClInclude>
    <ClInclude Include="dparser\parse.h">
      <Filter>dparser</Filter>
    </ClInclude>
    <ClInclude Include="dparser\read_binary.h">
      <Filter>dparser</Filter>
    </ClInclude>
    <ClInclude Include="dparser\scan.h">
      <Filter>dparser</Filter>
    </ClInclude>
    <ClInclude Include="dparser\util.h">
      <Filter>dparser</Filter>
    </ClInclude>
    <ClInclude Include="dparser\write_tables.h">
      <Filter>dparser</Filter>
    </ClInclude>
  </ItemGroup>
</Project>